
Microsoft Visual Studio Solution File, Format Version 12.00
# Visual Studio Version 16
VisualStudioVersion = 16.0.29926.136
MinimumVisualStudioVersion = 10.0.40219.1
Project("{FAE04EC0-301F-11D3-BF4B-00C04F79EFBC}") = "arcoreimg", "src\arcoreimg.csproj", "{ED9EDD3D-6F0B-425D-B4ED-664949BDD3C3}"
EndProject
Global
	GlobalSection(SolutionConfigurationPlatforms) = preSolution
		Debug|Any CPU = Debug|Any CPU
		Release|Any CPU = Release|Any CPU
	EndGlobalSection
	GlobalSection(ProjectConfigurationPlatforms) = postSolution
		{ED9EDD3D-6F0B-425D-B4ED-664949BDD3C3}.Debug|Any CPU.ActiveCfg = Debug|Any CPU
		{ED9EDD3D-6F0B-425D-B4ED-664949BDD3C3}.Debug|Any CPU.Build.0 = Debug|Any CPU
		{ED9EDD3D-6F0B-425D-B4ED-664949BDD3C3}.Release|Any CPU.ActiveCfg = Release|Any CPU
		{ED9EDD3D-6F0B-425D-B4ED-664949BDD3C3}.Release|Any CPU.Build.0 = Release|Any CPU
	EndGlobalSection
	GlobalSection(SolutionProperties) = preSolution
		HideSolutionNode = FALSE
	EndGlobalSection
	GlobalSection(ExtensibilityGlobals) = postSolution
		SolutionGuid = {7E6D918E-80F2-4A1B-A722-51266B1BE219}
	EndGlobalSection
EndGlobal
